
Microsoft Visual Studio Solution File, Format Version 12.00
# Visual Studio Version 16
VisualStudioVersion = 16.0.30611.23
MinimumVisualStudioVersion = 10.0.40219.1
Project("{FAE04EC0-301F-11D3-BF4B-00C04F79EFBC}") = "SimpleWebApiCrud", "SimpleWebApiCrud\SimpleWebApiCrud.csproj", "{8236824C-3962-4608-AEA3-FC029FFDE8A7}"
EndProject
Global
	GlobalSection(SolutionConfigurationPlatforms) = preSolution
		Debug|Any CPU = Debug|Any CPU
		Release|Any CPU = Release|Any CPU
	EndGlobalSection
	GlobalSection(ProjectConfigurationPlatforms) = postSolution
		{8236824C-3962-4608-AEA3-FC029FFDE8A7}.Debug|Any CPU.ActiveCfg = Debug|Any CPU
		{8236824C-3962-4608-AEA3-FC029FFDE8A7}.Debug|Any CPU.Build.0 = Debug|Any CPU
		{8236824C-3962-4608-AEA3-FC029FFDE8A7}.Release|Any CPU.ActiveCfg = Release|Any CPU
		{8236824C-3962-4608-AEA3-FC029FFDE8A7}.Release|Any CPU.Build.0 = Release|Any CPU
	EndGlobalSection
	GlobalSection(SolutionProperties) = preSolution
		HideSolutionNode = FALSE
	EndGlobalSection
	GlobalSection(ExtensibilityGlobals) = postSolution
		SolutionGuid = {00B352BA-5F81-4C54-AD6B-2000EAB9724E}
	EndGlobalSection
EndGlobal
